<Solution>
  <Project Path="src/Llyn.Application/Llyn.Application.csproj" />
  <Project Path="src/Llyn.Core/Llyn.Core.csproj" />
  <Project Path="src/Llyn.Infrastructure/Llyn.Infrastructure.csproj" />
  <Project Path="src/Llyn.Media/Llyn.Media.csproj" />
  <Project Path="src/Llyn.ShellEngine/Llyn.ShellEngine.csproj" />
  <Project Path="src/Llyn.UIShell/Llyn.UIShell.csproj" />
</Solution>
